// !$*UTF8*$!
{
	archiveVersion = 1;
	classes = {
	};
	objectVersion = 46;
	objects = {

/* Begin PBXBuildFile section */
		1EE8162A1A075A2600848F69 /* main.m in Sources */ = {isa = PBXBuildFile; fileRef = 1EE816291A075A2600848F69 /* main.m */; };
		1EE8162D1A075A2600848F69 /* AppDelegate.m in Sources */ = {isa = PBXBuildFile; fileRef = 1EE8162C1A075A2600848F69 /* AppDelegate.m */; };
		1EE816301A075A2600848F69 /* ViewController.m in Sources */ = {isa = PBXBuildFile; fileRef = 1EE8162F1A075A2600848F69 /* ViewController.m */; };
		1EE816331A075A2600848F69 /* Main.storyboard in Resources */ = {isa = PBXBuildFile; fileRef = 1EE816311A075A2600848F69 /* Main.storyboard */; };
		1EE816351A075A2600848F69 /* Images.xcassets in Resources */ = {isa = PBXBuildFile; fileRef = 1EE816341A075A2600848F69 /* Images.xcassets */; };
		1EE816381A075A2600848F69 /* LaunchScreen.xib in Resources */ = {isa = PBXBuildFile; fileRef = 1EE816361A075A2600848F69 /* LaunchScreen.xib */; };
		1EE816441A075A2600848F69 /* UIXKitTests.m in Sources */ = {isa = PBXBuildFile; fileRef = 1EE816431A075A2600848F69 /* UIXKitTests.m */; };
		1EE816761A075C3200848F69 /* UIXLocalization.strings in Resources */ = {isa = PBXBuildFile; fileRef = 1EE8164E1A075C3200848F69 /* UIXLocalization.strings */; };
		1EE816771A075C3200848F69 /* UIView+Animation.m in Sources */ = {isa = PBXBuildFile; fileRef = 1EE816521A075C3200848F69 /* UIView+Animation.m */; };
		1EE816781A075C3200848F69 /* UIXCollectionViewFlowLayout.m in Sources */ = {isa = PBXBuildFile; fileRef = 1EE816551A075C3200848F69 /* UIXCollectionViewFlowLayout.m */; };
		1EE8167A1A075C3200848F69 /* UIXKitDefines.m in Sources */ = {isa = PBXBuildFile; fileRef = 1EE816581A075C3200848F69 /* UIXKitDefines.m */; };
		1EE8167B1A075C3200848F69 /* UIXCollectionViewController.m in Sources */ = {isa = PBXBuildFile; fileRef = 1EE8165B1A075C3200848F69 /* UIXCollectionViewController.m */; };
		1EE8167C1A075C3200848F69 /* UIXLMCollectionViewController.m in Sources */ = {isa = PBXBuildFile; fileRef = 1EE8165D1A075C3200848F69 /* UIXLMCollectionViewController.m */; };
		1EE8167D1A075C3200848F69 /* UIXLMTableViewController.m in Sources */ = {isa = PBXBuildFile; fileRef = 1EE8165F1A075C3200848F69 /* UIXLMTableViewController.m */; };
		1EE8167E1A075C3200848F69 /* UIXTableViewController.m in Sources */ = {isa = PBXBuildFile; fileRef = 1EE816611A075C3200848F69 /* UIXTableViewController.m */; };
		1EE8167F1A075C3200848F69 /* UIXViewController.m in Sources */ = {isa = PBXBuildFile; fileRef = 1EE816631A075C3200848F69 /* UIXViewController.m */; };
		1EE816801A075C3200848F69 /* UIXAbstractProgressView.m in Sources */ = {isa = PBXBuildFile; fileRef = 1EE816661A075C3200848F69 /* UIXAbstractProgressView.m */; };
		1EE816811A075C3200848F69 /* UIXAbstractRefreshControl.m in Sources */ = {isa = PBXBuildFile; fileRef = 1EE816681A075C3200848F69 /* UIXAbstractRefreshControl.m */; };
		1EE816821A075C3200848F69 /* UIXActivityIndicatorView.m in Sources */ = {isa = PBXBuildFile; fileRef = 1EE8166A1A075C3200848F69 /* UIXActivityIndicatorView.m */; };
		1EE816831A075C3200848F69 /* UIXCircleProgressView.m in Sources */ = {isa = PBXBuildFile; fileRef = 1EE8166C1A075C3200848F69 /* UIXCircleProgressView.m */; };
		1EE816841A075C3200848F69 /* UIXProgressView.m in Sources */ = {isa = PBXBuildFile; fileRef = 1EE8166E1A075C3200848F69 /* UIXProgressView.m */; };
		1EE816851A075C3200848F69 /* UIXPullDownControl.m in Sources */ = {isa = PBXBuildFile; fileRef = 1EE816701A075C3200848F69 /* UIXPullDownControl.m */; };
		1EE816861A075C3200848F69 /* UIXPullUpControl.m in Sources */ = {isa = PBXBuildFile; fileRef = 1EE816721A075C3200848F69 /* UIXPullUpControl.m */; };
		1EE816871A075C3200848F69 /* UIXRefreshIndicatorView.m in Sources */ = {isa = PBXBuildFile; fileRef = 1EE816741A075C3200848F69 /* UIXRefreshIndicatorView.m */; };
		1EE8168C1A075C8700848F69 /* UIXTestCollectionViewController.m in Sources */ = {isa = PBXBuildFile; fileRef = 1EE816891A075C8700848F69 /* UIXTestCollectionViewController.m */; };
		1EE8168D1A075C8700848F69 /* UIXTestTableViewController.m in Sources */ = {isa = PBXBuildFile; fileRef = 1EE8168B1A075C8700848F69 /* UIXTestTableViewController.m */; };
		C0CA75C91A53E76A0096F749 /* UIScrollView+UIXPullDownRefresh.m in Sources */ = {isa = PBXBuildFile; fileRef = C0CA75C81A53E76A0096F749 /* UIScrollView+UIXPullDownRefresh.m */; };
		C0CA75CC1A53E7950096F749 /* UIScrollView+UIXPullUpRefresh.m in Sources */ = {isa = PBXBuildFile; fileRef = C0CA75CB1A53E7950096F749 /* UIScrollView+UIXPullUpRefresh.m */; };
		C0CA75CF1A53E9C30096F749 /* UIXPullDownRefreshView.m in Sources */ = {isa = PBXBuildFile; fileRef = C0CA75CE1A53E9C30096F749 /* UIXPullDownRefreshView.m */; };
		C0CA75D21A53E9E50096F749 /* UIXPullUpRefreshView.m in Sources */ = {isa = PBXBuildFile; fileRef = C0CA75D11A53E9E50096F749 /* UIXPullUpRefreshView.m */; };
		C0CA75D51A53EA050096F749 /* UIXPullToRefreshView.m in Sources */ = {isa = PBXBuildFile; fileRef = C0CA75D41A53EA050096F749 /* UIXPullToRefreshView.m */; };
/* End PBXBuildFile section */

/* Begin PBXContainerItemProxy section */
		1EE8163E1A075A2600848F69 /* PBXContainerItemProxy */ = {
			isa = PBXContainerItemProxy;
			containerPortal = 1EE8161C1A075A2600848F69 /* Project object */;
			proxyType = 1;
			remoteGlobalIDString = 1EE816231A075A2600848F69;
			remoteInfo = UIXKit;
		};
/* End PBXContainerItemProxy section */

/* Begin PBXFileReference section */
		1EE816241A075A2600848F69 /* UIXKit.app */ = {isa = PBXFileReference; explicitFileType = wrapper.application; includeInIndex = 0; path = UIXKit.app; sourceTree = BUILT_PRODUCTS_DIR; };
		1EE816281A075A2600848F69 /* Info.plist */ = {isa = PBXFileReference; lastKnownFileType = text.plist.xml; path = Info.plist; sourceTree = "<group>"; };
		1EE816291A075A2600848F69 /* main.m */ = {isa = PBXFileReference; lastKnownFileType = sourcecode.c.objc; path = main.m; sourceTree = "<group>"; };
		1EE8162B1A075A2600848F69 /* AppDelegate.h */ = {isa = PBXFileReference; lastKnownFileType = sourcecode.c.h; path = AppDelegate.h; sourceTree = "<group>"; };
		1EE8162C1A075A2600848F69 /* AppDelegate.m */ = {isa = PBXFileReference; lastKnownFileType = sourcecode.c.objc; path = AppDelegate.m; sourceTree = "<group>"; };
		1EE8162E1A075A2600848F69 /* ViewController.h */ = {isa = PBXFileReference; lastKnownFileType = sourcecode.c.h; path = ViewController.h; sourceTree = "<group>"; };
		1EE8162F1A075A2600848F69 /* ViewController.m */ = {isa = PBXFileReference; lastKnownFileType = sourcecode.c.objc; path = ViewController.m; sourceTree = "<group>"; };
		1EE816321A075A2600848F69 /* Base */ = {isa = PBXFileReference; lastKnownFileType = file.storyboard; name = Base; path = Base.lproj/Main.storyboard; sourceTree = "<group>"; };
		1EE816341A075A2600848F69 /* Images.xcassets */ = {isa = PBXFileReference; lastKnownFileType = folder.assetcatalog; path = Images.xcassets; sourceTree = "<group>"; };
		1EE816371A075A2600848F69 /* Base */ = {isa = PBXFileReference; lastKnownFileType = file.xib; name = Base; path = Base.lproj/LaunchScreen.xib; sourceTree = "<group>"; };
		1EE8163D1A075A2600848F69 /* UIXKitTests.xctest */ = {isa = PBXFileReference; explicitFileType = wrapper.cfbundle; includeInIndex = 0; path = UIXKitTests.xctest; sourceTree = BUILT_PRODUCTS_DIR; };
		1EE816421A075A2600848F69 /* Info.plist */ = {isa = PBXFileReference; lastKnownFileType = text.plist.xml; path = Info.plist; sourceTree = "<group>"; };
		1EE816431A075A2600848F69 /* UIXKitTests.m */ = {isa = PBXFileReference; lastKnownFileType = sourcecode.c.objc; path = UIXKitTests.m; sourceTree = "<group>"; };
		1EE8164F1A075C3200848F69 /* en */ = {isa = PBXFileReference; lastKnownFileType = text.plist.strings; name = en; path = en.lproj/UIXLocalization.strings; sourceTree = "<group>"; };
		1EE816511A075C3200848F69 /* UIView+Animation.h */ = {isa = PBXFileReference; fileEncoding = 4; lastKnownFileType = sourcecode.c.h; path = "UIView+Animation.h"; sourceTree = "<group>"; };
		1EE816521A075C3200848F69 /* UIView+Animation.m */ = {isa = PBXFileReference; fileEncoding = 4; lastKnownFileType = sourcecode.c.objc; path = "UIView+Animation.m"; sourceTree = "<group>"; };
		1EE816541A075C3200848F69 /* UIXCollectionViewFlowLayout.h */ = {isa = PBXFileReference; fileEncoding = 4; lastKnownFileType = sourcecode.c.h; path = UIXCollectionViewFlowLayout.h; sourceTree = "<group>"; };
		1EE816551A075C3200848F69 /* UIXCollectionViewFlowLayout.m */ = {isa = PBXFileReference; fileEncoding = 4; lastKnownFileType = sourcecode.c.objc; path = UIXCollectionViewFlowLayout.m; sourceTree = "<group>"; };
		1EE816571A075C3200848F69 /* UIXKitDefines.h */ = {isa = PBXFileReference; fileEncoding = 4; lastKnownFileType = sourcecode.c.h; path = UIXKitDefines.h; sourceTree = "<group>"; };
		1EE816581A075C3200848F69 /* UIXKitDefines.m */ = {isa = PBXFileReference; fileEncoding = 4; lastKnownFileType = sourcecode.c.objc; path = UIXKitDefines.m; sourceTree = "<group>"; };
		1EE8165A1A075C3200848F69 /* UIXCollectionViewController.h */ = {isa = PBXFileReference; fileEncoding = 4; lastKnownFileType = sourcecode.c.h; path = UIXCollectionViewController.h; sourceTree = "<group>"; };
		1EE8165B1A075C3200848F69 /* UIXCollectionViewController.m */ = {isa = PBXFileReference; fileEncoding = 4; lastKnownFileType = sourcecode.c.objc; path = UIXCollectionViewController.m; sourceTree = "<group>"; };
		1EE8165C1A075C3200848F69 /* UIXLMCollectionViewController.h */ = {isa = PBXFileReference; fileEncoding = 4; lastKnownFileType = sourcecode.c.h; path = UIXLMCollectionViewController.h; sourceTree = "<group>"; };
		1EE8165D1A075C3200848F69 /* UIXLMCollectionViewController.m */ = {isa = PBXFileReference; fileEncoding = 4; lastKnownFileType = sourcecode.c.objc; path = UIXLMCollectionViewController.m; sourceTree = "<group>"; };
		1EE8165E1A075C3200848F69 /* UIXLMTableViewController.h */ = {isa = PBXFileReference; fileEncoding = 4; lastKnownFileType = sourcecode.c.h; path = UIXLMTableViewController.h; sourceTree = "<group>"; };
		1EE8165F1A075C3200848F69 /* UIXLMTableViewController.m */ = {isa = PBXFileReference; fileEncoding = 4; lastKnownFileType = sourcecode.c.objc; path = UIXLMTableViewController.m; sourceTree = "<group>"; };
		1EE816601A075C3200848F69 /* UIXTableViewController.h */ = {isa = PBXFileReference; fileEncoding = 4; lastKnownFileType = sourcecode.c.h; path = UIXTableViewController.h; sourceTree = "<group>"; };
		1EE816611A075C3200848F69 /* UIXTableViewController.m */ = {isa = PBXFileReference; fileEncoding = 4; lastKnownFileType = sourcecode.c.objc; path = UIXTableViewController.m; sourceTree = "<group>"; };
		1EE816621A075C3200848F69 /* UIXViewController.h */ = {isa = PBXFileReference; fileEncoding = 4; lastKnownFileType = sourcecode.c.h; path = UIXViewController.h; sourceTree = "<group>"; };
		1EE816631A075C3200848F69 /* UIXViewController.m */ = {isa = PBXFileReference; fileEncoding = 4; lastKnownFileType = sourcecode.c.objc; path = UIXViewController.m; sourceTree = "<group>"; };
		1EE816651A075C3200848F69 /* UIXAbstractProgressView.h */ = {isa = PBXFileReference; fileEncoding = 4; lastKnownFileType = sourcecode.c.h; path = UIXAbstractProgressView.h; sourceTree = "<group>"; };
		1EE816661A075C3200848F69 /* UIXAbstractProgressView.m */ = {isa = PBXFileReference; fileEncoding = 4; lastKnownFileType = sourcecode.c.objc; path = UIXAbstractProgressView.m; sourceTree = "<group>"; };
		1EE816671A075C3200848F69 /* UIXAbstractRefreshControl.h */ = {isa = PBXFileReference; fileEncoding = 4; lastKnownFileType = sourcecode.c.h; path = UIXAbstractRefreshControl.h; sourceTree = "<group>"; };
		1EE816681A075C3200848F69 /* UIXAbstractRefreshControl.m */ = {isa = PBXFileReference; fileEncoding = 4; lastKnownFileType = sourcecode.c.objc; path = UIXAbstractRefreshControl.m; sourceTree = "<group>"; };
		1EE816691A075C3200848F69 /* UIXActivityIndicatorView.h */ = {isa = PBXFileReference; fileEncoding = 4; lastKnownFileType = sourcecode.c.h; path = UIXActivityIndicatorView.h; sourceTree = "<group>"; };
		1EE8166A1A075C3200848F69 /* UIXActivityIndicatorView.m */ = {isa = PBXFileReference; fileEncoding = 4; lastKnownFileType = sourcecode.c.objc; path = UIXActivityIndicatorView.m; sourceTree = "<group>"; };
		1EE8166B1A075C3200848F69 /* UIXCircleProgressView.h */ = {isa = PBXFileReference; fileEncoding = 4; lastKnownFileType = sourcecode.c.h; path = UIXCircleProgressView.h; sourceTree = "<group>"; };
		1EE8166C1A075C3200848F69 /* UIXCircleProgressView.m */ = {isa = PBXFileReference; fileEncoding = 4; lastKnownFileType = sourcecode.c.objc; path = UIXCircleProgressView.m; sourceTree = "<group>"; };
		1EE8166D1A075C3200848F69 /* UIXProgressView.h */ = {isa = PBXFileReference; fileEncoding = 4; lastKnownFileType = sourcecode.c.h; path = UIXProgressView.h; sourceTree = "<group>"; };
		1EE8166E1A075C3200848F69 /* UIXProgressView.m */ = {isa = PBXFileReference; fileEncoding = 4; lastKnownFileType = sourcecode.c.objc; path = UIXProgressView.m; sourceTree = "<group>"; };
		1EE8166F1A075C3200848F69 /* UIXPullDownControl.h */ = {isa = PBXFileReference; fileEncoding = 4; lastKnownFileType = sourcecode.c.h; path = UIXPullDownControl.h; sourceTree = "<group>"; };
		1EE816701A075C3200848F69 /* UIXPullDownControl.m */ = {isa = PBXFileReference; fileEncoding = 4; lastKnownFileType = sourcecode.c.objc; path = UIXPullDownControl.m; sourceTree = "<group>"; };
		1EE816711A075C3200848F69 /* UIXPullUpControl.h */ = {isa = PBXFileReference; fileEncoding = 4; lastKnownFileType = sourcecode.c.h; path = UIXPullUpControl.h; sourceTree = "<group>"; };
		1EE816721A075C3200848F69 /* UIXPullUpControl.m */ = {isa = PBXFileReference; fileEncoding = 4; lastKnownFileType = sourcecode.c.objc; path = UIXPullUpControl.m; sourceTree = "<group>"; };
		1EE816731A075C3200848F69 /* UIXRefreshIndicatorView.h */ = {isa = PBXFileReference; fileEncoding = 4; lastKnownFileType = sourcecode.c.h; path = UIXRefreshIndicatorView.h; sourceTree = "<group>"; };
		1EE816741A075C3200848F69 /* UIXRefreshIndicatorView.m */ = {isa = PBXFileReference; fileEncoding = 4; lastKnownFileType = sourcecode.c.objc; path = UIXRefreshIndicatorView.m; sourceTree = "<group>"; };
		1EE816751A075C3200848F69 /* zh-Hans */ = {isa = PBXFileReference; lastKnownFileType = text.plist.strings; name = "zh-Hans"; path = "zh-Hans.lproj/UIXLocalization.strings"; sourceTree = "<group>"; };
		1EE816881A075C8700848F69 /* UIXTestCollectionViewController.h */ = {isa = PBXFileReference; fileEncoding = 4; lastKnownFileType = sourcecode.c.h; path = UIXTestCollectionViewController.h; sourceTree = "<group>"; };
		1EE816891A075C8700848F69 /* UIXTestCollectionViewController.m */ = {isa = PBXFileReference; fileEncoding = 4; lastKnownFileType = sourcecode.c.objc; path = UIXTestCollectionViewController.m; sourceTree = "<group>"; };
		1EE8168A1A075C8700848F69 /* UIXTestTableViewController.h */ = {isa = PBXFileReference; fileEncoding = 4; lastKnownFileType = sourcecode.c.h; path = UIXTestTableViewController.h; sourceTree = "<group>"; };
		1EE8168B1A075C8700848F69 /* UIXTestTableViewController.m */ = {isa = PBXFileReference; fileEncoding = 4; lastKnownFileType = sourcecode.c.objc; path = UIXTestTableViewController.m; sourceTree = "<group>"; };
		C0CA75C71A53E76A0096F749 /* UIScrollView+UIXPullDownRefresh.h */ = {isa = PBXFileReference; fileEncoding = 4; lastKnownFileType = sourcecode.c.h; path = "UIScrollView+UIXPullDownRefresh.h"; sourceTree = "<group>"; };
		C0CA75C81A53E76A0096F749 /* UIScrollView+UIXPullDownRefresh.m */ = {isa = PBXFileReference; fileEncoding = 4; lastKnownFileType = sourcecode.c.objc; path = "UIScrollView+UIXPullDownRefresh.m"; sourceTree = "<group>"; };
		C0CA75CA1A53E7950096F749 /* UIScrollView+UIXPullUpRefresh.h */ = {isa = PBXFileReference; fileEncoding = 4; lastKnownFileType = sourcecode.c.h; path = "UIScrollView+UIXPullUpRefresh.h"; sourceTree = "<group>"; };
		C0CA75CB1A53E7950096F749 /* UIScrollView+UIXPullUpRefresh.m */ = {isa = PBXFileReference; fileEncoding = 4; lastKnownFileType = sourcecode.c.objc; path = "UIScrollView+UIXPullUpRefresh.m"; sourceTree = "<group>"; };
		C0CA75CD1A53E9C30096F749 /* UIXPullDownRefreshView.h */ = {isa = PBXFileReference; fileEncoding = 4; lastKnownFileType = sourcecode.c.h; path = UIXPullDownRefreshView.h; sourceTree = "<group>"; };
		C0CA75CE1A53E9C30096F749 /* UIXPullDownRefreshView.m */ = {isa = PBXFileReference; fileEncoding = 4; lastKnownFileType = sourcecode.c.objc; path = UIXPullDownRefreshView.m; sourceTree = "<group>"; };
		C0CA75D01A53E9E50096F749 /* UIXPullUpRefreshView.h */ = {isa = PBXFileReference; fileEncoding = 4; lastKnownFileType = sourcecode.c.h; path = UIXPullUpRefreshView.h; sourceTree = "<group>"; };
		C0CA75D11A53E9E50096F749 /* UIXPullUpRefreshView.m */ = {isa = PBXFileReference; fileEncoding = 4; lastKnownFileType = sourcecode.c.objc; path = UIXPullUpRefreshView.m; sourceTree = "<group>"; };
		C0CA75D31A53EA050096F749 /* UIXPullToRefreshView.h */ = {isa = PBXFileReference; fileEncoding = 4; lastKnownFileType = sourcecode.c.h; path = UIXPullToRefreshView.h; sourceTree = "<group>"; };
		C0CA75D41A53EA050096F749 /* UIXPullToRefreshView.m */ = {isa = PBXFileReference; fileEncoding = 4; lastKnownFileType = sourcecode.c.objc; path = UIXPullToRefreshView.m; sourceTree = "<group>"; };
		C0CA75D61A53F1C40096F749 /* IPullToRefresh.h */ = {isa = PBXFileReference; fileEncoding = 4; lastKnownFileType = sourcecode.c.h; path = IPullToRefresh.h; sourceTree = "<group>"; };
/* End PBXFileReference section */

/* Begin PBXFrameworksBuildPhase section */
		1EE816211A075A2600848F69 /* Frameworks */ = {
			isa = PBXFrameworksBuildPhase;
			buildActionMask = 2147483647;
			files = (
			);
			runOnlyForDeploymentPostprocessing = 0;
		};
		1EE8163A1A075A2600848F69 /* Frameworks */ = {
			isa = PBXFrameworksBuildPhase;
			buildActionMask = 2147483647;
			files = (
			);
			runOnlyForDeploymentPostprocessing = 0;
		};
/* End PBXFrameworksBuildPhase section */

/* Begin PBXGroup section */
		1EE8161B1A075A2600848F69 = {
			isa = PBXGroup;
			children = (
				1EE8164D1A075C3200848F69 /* Class */,
				1EE816261A075A2600848F69 /* UIXKit */,
				1EE816401A075A2600848F69 /* UIXKitTests */,
				1EE816251A075A2600848F69 /* Products */,
			);
			sourceTree = "<group>";
		};
		1EE816251A075A2600848F69 /* Products */ = {
			isa = PBXGroup;
			children = (
				1EE816241A075A2600848F69 /* UIXKit.app */,
				1EE8163D1A075A2600848F69 /* UIXKitTests.xctest */,
			);
			name = Products;
			sourceTree = "<group>";
		};
		1EE816261A075A2600848F69 /* UIXKit */ = {
			isa = PBXGroup;
			children = (
				1EE816881A075C8700848F69 /* UIXTestCollectionViewController.h */,
				1EE816891A075C8700848F69 /* UIXTestCollectionViewController.m */,
				1EE8168A1A075C8700848F69 /* UIXTestTableViewController.h */,
				1EE8168B1A075C8700848F69 /* UIXTestTableViewController.m */,
				1EE8162B1A075A2600848F69 /* AppDelegate.h */,
				1EE8162C1A075A2600848F69 /* AppDelegate.m */,
				1EE8162E1A075A2600848F69 /* ViewController.h */,
				1EE8162F1A075A2600848F69 /* ViewController.m */,
				1EE816311A075A2600848F69 /* Main.storyboard */,
				1EE816341A075A2600848F69 /* Images.xcassets */,
				1EE816361A075A2600848F69 /* LaunchScreen.xib */,
				1EE816271A075A2600848F69 /* Supporting Files */,
			);
			path = UIXKit;
			sourceTree = "<group>";
		};
		1EE816271A075A2600848F69 /* Supporting Files */ = {
			isa = PBXGroup;
			children = (
				1EE816281A075A2600848F69 /* Info.plist */,
				1EE816291A075A2600848F69 /* main.m */,
			);
			name = "Supporting Files";
			sourceTree = "<group>";
		};
		1EE816401A075A2600848F69 /* UIXKitTests */ = {
			isa = PBXGroup;
			children = (
				1EE816431A075A2600848F69 /* UIXKitTests.m */,
				1EE816411A075A2600848F69 /* Supporting Files */,
			);
			path = UIXKitTests;
			sourceTree = "<group>";
		};
		1EE816411A075A2600848F69 /* Supporting Files */ = {
			isa = PBXGroup;
			children = (
				1EE816421A075A2600848F69 /* Info.plist */,
			);
			name = "Supporting Files";
			sourceTree = "<group>";
		};
		1EE8164D1A075C3200848F69 /* Class */ = {
			isa = PBXGroup;
			children = (
				1EE816571A075C3200848F69 /* UIXKitDefines.h */,
				1EE816581A075C3200848F69 /* UIXKitDefines.m */,
				1EE8164E1A075C3200848F69 /* UIXLocalization.strings */,
				1EE816501A075C3200848F69 /* UIXCategory */,
				1EE816531A075C3200848F69 /* UIXHelper */,
				1EE816591A075C3200848F69 /* UIXViewControllers */,
				1EE816641A075C3200848F69 /* UIXViews */,
			);
			path = Class;
			sourceTree = "<group>";
		};
		1EE816501A075C3200848F69 /* UIXCategory */ = {
			isa = PBXGroup;
			children = (
				1EE816511A075C3200848F69 /* UIView+Animation.h */,
				1EE816521A075C3200848F69 /* UIView+Animation.m */,
			);
			path = UIXCategory;
			sourceTree = "<group>";
		};
		1EE816531A075C3200848F69 /* UIXHelper */ = {
			isa = PBXGroup;
			children = (
				1EE816541A075C3200848F69 /* UIXCollectionViewFlowLayout.h */,
				1EE816551A075C3200848F69 /* UIXCollectionViewFlowLayout.m */,
			);
			path = UIXHelper;
			sourceTree = "<group>";
		};
		1EE816591A075C3200848F69 /* UIXViewControllers */ = {
			isa = PBXGroup;
			children = (
				1EE8165A1A075C3200848F69 /* UIXCollectionViewController.h */,
				1EE8165B1A075C3200848F69 /* UIXCollectionViewController.m */,
				1EE8165C1A075C3200848F69 /* UIXLMCollectionViewController.h */,
				1EE8165D1A075C3200848F69 /* UIXLMCollectionViewController.m */,
				1EE8165E1A075C3200848F69 /* UIXLMTableViewController.h */,
				1EE8165F1A075C3200848F69 /* UIXLMTableViewController.m */,
				1EE816601A075C3200848F69 /* UIXTableViewController.h */,
				1EE816611A075C3200848F69 /* UIXTableViewController.m */,
				1EE816621A075C3200848F69 /* UIXViewController.h */,
				1EE816631A075C3200848F69 /* UIXViewController.m */,
			);
			path = UIXViewControllers;
			sourceTree = "<group>";
		};
		1EE816641A075C3200848F69 /* UIXViews */ = {
			isa = PBXGroup;
			children = (
				1EE816691A075C3200848F69 /* UIXActivityIndicatorView.h */,
				1EE8166A1A075C3200848F69 /* UIXActivityIndicatorView.m */,
				1EE816651A075C3200848F69 /* UIXAbstractProgressView.h */,
				1EE816661A075C3200848F69 /* UIXAbstractProgressView.m */,
				1EE8166D1A075C3200848F69 /* UIXProgressView.h */,
				1EE8166E1A075C3200848F69 /* UIXProgressView.m */,
				1EE8166B1A075C3200848F69 /* UIXCircleProgressView.h */,
				1EE8166C1A075C3200848F69 /* UIXCircleProgressView.m */,
				1EE816731A075C3200848F69 /* UIXRefreshIndicatorView.h */,
				1EE816741A075C3200848F69 /* UIXRefreshIndicatorView.m */,
				1EE816671A075C3200848F69 /* UIXAbstractRefreshControl.h */,
				1EE816681A075C3200848F69 /* UIXAbstractRefreshControl.m */,
				1EE8166F1A075C3200848F69 /* UIXPullDownControl.h */,
				1EE816701A075C3200848F69 /* UIXPullDownControl.m */,
				1EE816711A075C3200848F69 /* UIXPullUpControl.h */,
				1EE816721A075C3200848F69 /* UIXPullUpControl.m */,
				C0CA75D61A53F1C40096F749 /* IPullToRefresh.h */,
				C0CA75CA1A53E7950096F749 /* UIScrollView+UIXPullUpRefresh.h */,
				C0CA75CB1A53E7950096F749 /* UIScrollView+UIXPullUpRefresh.m */,
				C0CA75C71A53E76A0096F749 /* UIScrollView+UIXPullDownRefresh.h */,
				C0CA75C81A53E76A0096F749 /* UIScrollView+UIXPullDownRefresh.m */,
				C0CA75D31A53EA050096F749 /* UIXPullToRefreshView.h */,
				C0CA75D41A53EA050096F749 /* UIXPullToRefreshView.m */,
				C0CA75CD1A53E9C30096F749 /* UIXPullDownRefreshView.h */,
				C0CA75CE1A53E9C30096F749 /* UIXPullDownRefreshView.m */,
				C0CA75D01A53E9E50096F749 /* UIXPullUpRefreshView.h */,
				C0CA75D11A53E9E50096F749 /* UIXPullUpRefreshView.m */,
			);
			path = UIXViews;
			sourceTree = "<group>";
		};
/* End PBXGroup section */

/* Begin PBXNativeTarget section */
		1EE816231A075A2600848F69 /* UIXKit */ = {
			isa = PBXNativeTarget;
			buildConfigurationList = 1EE816471A075A2600848F69 /* Build configuration list for PBXNativeTarget "UIXKit" */;
			buildPhases = (
				1EE816201A075A2600848F69 /* Sources */,
				1EE816211A075A2600848F69 /* Frameworks */,
				1EE816221A075A2600848F69 /* Resources */,
			);
			buildRules = (
			);
			dependencies = (
			);
			name = UIXKit;
			productName = UIXKit;
			productReference = 1EE816241A075A2600848F69 /* UIXKit.app */;
			productType = "com.apple.product-type.application";
		};
		1EE8163C1A075A2600848F69 /* UIXKitTests */ = {
			isa = PBXNativeTarget;
			buildConfigurationList = 1EE8164A1A075A2600848F69 /* Build configuration list for PBXNativeTarget "UIXKitTests" */;
			buildPhases = (
				1EE816391A075A2600848F69 /* Sources */,
				1EE8163A1A075A2600848F69 /* Frameworks */,
				1EE8163B1A075A2600848F69 /* Resources */,
			);
			buildRules = (
			);
			dependencies = (
				1EE8163F1A075A2600848F69 /* PBXTargetDependency */,
			);
			name = UIXKitTests;
			productName = UIXKitTests;
			productReference = 1EE8163D1A075A2600848F69 /* UIXKitTests.xctest */;
			productType = "com.apple.product-type.bundle.unit-test";
		};
/* End PBXNativeTarget section */

/* Begin PBXProject section */
		1EE8161C1A075A2600848F69 /* Project object */ = {
			isa = PBXProject;
			attributes = {
				LastUpgradeCheck = 0610;
				ORGANIZATIONNAME = WangXiaoXiang;
				TargetAttributes = {
					1EE816231A075A2600848F69 = {
						CreatedOnToolsVersion = 6.1;
					};
					1EE8163C1A075A2600848F69 = {
						CreatedOnToolsVersion = 6.1;
						TestTargetID = 1EE816231A075A2600848F69;
					};
				};
			};
			buildConfigurationList = 1EE8161F1A075A2600848F69 /* Build configuration list for PBXProject "UIXKit" */;
			compatibilityVersion = "Xcode 3.2";
			developmentRegion = English;
			hasScannedForEncodings = 0;
			knownRegions = (
				en,
				Base,
				"zh-Hans",
			);
			mainGroup = 1EE8161B1A075A2600848F69;
			productRefGroup = 1EE816251A075A2600848F69 /* Products */;
			projectDirPath = "";
			projectRoot = "";
			targets = (
				1EE816231A075A2600848F69 /* UIXKit */,
				1EE8163C1A075A2600848F69 /* UIXKitTests */,
			);
		};
/* End PBXProject section */

/* Begin PBXResourcesBuildPhase section */
		1EE816221A075A2600848F69 /* Resources */ = {
			isa = PBXResourcesBuildPhase;
			buildActionMask = 2147483647;
			files = (
				1EE816331A075A2600848F69 /* Main.storyboard in Resources */,
				1EE816381A075A2600848F69 /* LaunchScreen.xib in Resources */,
				1EE816761A075C3200848F69 /* UIXLocalization.strings in Resources */,
				1EE816351A075A2600848F69 /* Images.xcassets in Resources */,
			);
			runOnlyForDeploymentPostprocessing = 0;
		};
		1EE8163B1A075A2600848F69 /* Resources */ = {
			isa = PBXResourcesBuildPhase;
			buildActionMask = 2147483647;
			files = (
			);
			runOnlyForDeploymentPostprocessing = 0;
		};
/* End PBXResourcesBuildPhase section */

/* Begin PBXSourcesBuildPhase section */
		1EE816201A075A2600848F69 /* Sources */ = {
			isa = PBXSourcesBuildPhase;
			buildActionMask = 2147483647;
			files = (
				C0CA75CF1A53E9C30096F749 /* UIXPullDownRefreshView.m in Sources */,
				1EE8168D1A075C8700848F69 /* UIXTestTableViewController.m in Sources */,
				1EE8168C1A075C8700848F69 /* UIXTestCollectionViewController.m in Sources */,
				1EE816821A075C3200848F69 /* UIXActivityIndicatorView.m in Sources */,
				1EE816811A075C3200848F69 /* UIXAbstractRefreshControl.m in Sources */,
				1EE816301A075A2600848F69 /* ViewController.m in Sources */,
				1EE8167C1A075C3200848F69 /* UIXLMCollectionViewController.m in Sources */,
				1EE8167B1A075C3200848F69 /* UIXCollectionViewController.m in Sources */,
				1EE816851A075C3200848F69 /* UIXPullDownControl.m in Sources */,
				C0CA75D51A53EA050096F749 /* UIXPullToRefreshView.m in Sources */,
				1EE816861A075C3200848F69 /* UIXPullUpControl.m in Sources */,
				1EE8167E1A075C3200848F69 /* UIXTableViewController.m in Sources */,
				1EE816781A075C3200848F69 /* UIXCollectionViewFlowLayout.m in Sources */,
				1EE8167A1A075C3200848F69 /* UIXKitDefines.m in Sources */,
				1EE8167F1A075C3200848F69 /* UIXViewController.m in Sources */,
				1EE816871A075C3200848F69 /* UIXRefreshIndicatorView.m in Sources */,
				C0CA75CC1A53E7950096F749 /* UIScrollView+UIXPullUpRefresh.m in Sources */,
				1EE816831A075C3200848F69 /* UIXCircleProgressView.m in Sources */,
				C0CA75C91A53E76A0096F749 /* UIScrollView+UIXPullDownRefresh.m in Sources */,
				1EE816771A075C3200848F69 /* UIView+Animation.m in Sources */,
				1EE8167D1A075C3200848F69 /* UIXLMTableViewController.m in Sources */,
				C0CA75D21A53E9E50096F749 /* UIXPullUpRefreshView.m in Sources */,
				1EE8162D1A075A2600848F69 /* AppDelegate.m in Sources */,
				1EE816841A075C3200848F69 /* UIXProgressView.m in Sources */,
				1EE816801A075C3200848F69 /* UIXAbstractProgressView.m in Sources */,
				1EE8162A1A075A2600848F69 /* main.m in Sources */,
			);
			runOnlyForDeploymentPostprocessing = 0;
		};
		1EE816391A075A2600848F69 /* Sources */ = {
			isa = PBXSourcesBuildPhase;
			buildActionMask = 2147483647;
			files = (
				1EE816441A075A2600848F69 /* UIXKitTests.m in Sources */,
			);
			runOnlyForDeploymentPostprocessing = 0;
		};
/* End PBXSourcesBuildPhase section */

/* Begin PBXTargetDependency section */
		1EE8163F1A075A2600848F69 /* PBXTargetDependency */ = {
			isa = PBXTargetDependency;
			target = 1EE816231A075A2600848F69 /* UIXKit */;
			targetProxy = 1EE8163E1A075A2600848F69 /* PBXContainerItemProxy */;
		};
/* End PBXTargetDependency section */

/* Begin PBXVariantGroup section */
		1EE816311A075A2600848F69 /* Main.storyboard */ = {
			isa = PBXVariantGroup;
			children = (
				1EE816321A075A2600848F69 /* Base */,
			);
			name = Main.storyboard;
			sourceTree = "<group>";
		};
		1EE816361A075A2600848F69 /* LaunchScreen.xib */ = {
			isa = PBXVariantGroup;
			children = (
				1EE816371A075A2600848F69 /* Base */,
			);
			name = LaunchScreen.xib;
			sourceTree = "<group>";
		};
		1EE8164E1A075C3200848F69 /* UIXLocalization.strings */ = {
			isa = PBXVariantGroup;
			children = (
				1EE8164F1A075C3200848F69 /* en */,
				1EE816751A075C3200848F69 /* zh-Hans */,
			);
			name = UIXLocalization.strings;
			sourceTree = "<group>";
		};
/* End PBXVariantGroup section */

/* Begin XCBuildConfiguration section */
		1EE816451A075A2600848F69 /* Debug */ = {
			isa = XCBuildConfiguration;
			buildSettings = {
				ALWAYS_SEARCH_USER_PATHS = NO;
				CLANG_CXX_LANGUAGE_STANDARD = "gnu++0x";
				CLANG_CXX_LIBRARY = "libc++";
				CLANG_ENABLE_MODULES = YES;
				CLANG_ENABLE_OBJC_ARC = YES;
				CLANG_WARN_BOOL_CONVERSION = YES;
				CLANG_WARN_CONSTANT_CONVERSION = YES;
				CLANG_WARN_DIRECT_OBJC_ISA_USAGE = YES_ERROR;
				CLANG_WARN_EMPTY_BODY = YES;
				CLANG_WARN_ENUM_CONVERSION = YES;
				CLANG_WARN_INT_CONVERSION = YES;
				CLANG_WARN_OBJC_ROOT_CLASS = YES_ERROR;
				CLANG_WARN_UNREACHABLE_CODE = YES;
				CLANG_WARN__DUPLICATE_METHOD_MATCH = YES;
				"CODE_SIGN_IDENTITY[sdk=iphoneos*]" = "iPhone Developer";
				COPY_PHASE_STRIP = NO;
				ENABLE_STRICT_OBJC_MSGSEND = YES;
				GCC_C_LANGUAGE_STANDARD = gnu99;
				GCC_DYNAMIC_NO_PIC = NO;
				GCC_OPTIMIZATION_LEVEL = 0;
				GCC_PREPROCESSOR_DEFINITIONS = (
					"DEBUG=1",
					"$(inherited)",
				);
				GCC_SYMBOLS_PRIVATE_EXTERN = NO;
				GCC_WARN_64_TO_32_BIT_CONVERSION = YES;
				GCC_WARN_ABOUT_RETURN_TYPE = YES_ERROR;
				GCC_WARN_UNDECLARED_SELECTOR = YES;
				GCC_WARN_UNINITIALIZED_AUTOS = YES_AGGRESSIVE;
				GCC_WARN_UNUSED_FUNCTION = YES;
				GCC_WARN_UNUSED_VARIABLE = YES;
				IPHONEOS_DEPLOYMENT_TARGET = 8.1;
				MTL_ENABLE_DEBUG_INFO = YES;
				ONLY_ACTIVE_ARCH = YES;
				SDKROOT = iphoneos;
			};
			name = Debug;
		};
		1EE816461A075A2600848F69 /* Release */ = {
			isa = XCBuildConfiguration;
			buildSettings = {
				ALWAYS_SEARCH_USER_PATHS = NO;
				CLANG_CXX_LANGUAGE_STANDARD = "gnu++0x";
				CLANG_CXX_LIBRARY = "libc++";
				CLANG_ENABLE_MODULES = YES;
				CLANG_ENABLE_OBJC_ARC = YES;
				CLANG_WARN_BOOL_CONVERSION = YES;
				CLANG_WARN_CONSTANT_CONVERSION = YES;
				CLANG_WARN_DIRECT_OBJC_ISA_USAGE = YES_ERROR;
				CLANG_WARN_EMPTY_BODY = YES;
				CLANG_WARN_ENUM_CONVERSION = YES;
				CLANG_WARN_INT_CONVERSION = YES;
				CLANG_WARN_OBJC_ROOT_CLASS = YES_ERROR;
				CLANG_WARN_UNREACHABLE_CODE = YES;
				CLANG_WARN__DUPLICATE_METHOD_MATCH = YES;
				"CODE_SIGN_IDENTITY[sdk=iphoneos*]" = "iPhone Developer";
				COPY_PHASE_STRIP = YES;
				ENABLE_NS_ASSERTIONS = NO;
				ENABLE_STRICT_OBJC_MSGSEND = YES;
				GCC_C_LANGUAGE_STANDARD = gnu99;
				GCC_WARN_64_TO_32_BIT_CONVERSION = YES;
				GCC_WARN_ABOUT_RETURN_TYPE = YES_ERROR;
				GCC_WARN_UNDECLARED_SELECTOR = YES;
				GCC_WARN_UNINITIALIZED_AUTOS = YES_AGGRESSIVE;
				GCC_WARN_UNUSED_FUNCTION = YES;
				GCC_WARN_UNUSED_VARIABLE = YES;
				IPHONEOS_DEPLOYMENT_TARGET = 8.1;
				MTL_ENABLE_DEBUG_INFO = NO;
				SDKROOT = iphoneos;
				VALIDATE_PRODUCT = YES;
			};
			name = Release;
		};
		1EE816481A075A2600848F69 /* Debug */ = {
			isa = XCBuildConfiguration;
			buildSettings = {
				ASSETCATALOG_COMPILER_APPICON_NAME = AppIcon;
				INFOPLIST_FILE = UIXKit/Info.plist;
				LD_RUNPATH_SEARCH_PATHS = "$(inherited) @executable_path/Frameworks";
				PRODUCT_NAME = "$(TARGET_NAME)";
			};
			name = Debug;
		};
		1EE816491A075A2600848F69 /* Release */ = {
			isa = XCBuildConfiguration;
			buildSettings = {
				ASSETCATALOG_COMPILER_APPICON_NAME = AppIcon;
				INFOPLIST_FILE = UIXKit/Info.plist;
				LD_RUNPATH_SEARCH_PATHS = "$(inherited) @executable_path/Frameworks";
				PRODUCT_NAME = "$(TARGET_NAME)";
			};
			name = Release;
		};
		1EE8164B1A075A2600848F69 /* Debug */ = {
			isa = XCBuildConfiguration;
			buildSettings = {
				BUNDLE_LOADER = "$(TEST_HOST)";
				FRAMEWORK_SEARCH_PATHS = (
					"$(SDKROOT)/Developer/Library/Frameworks",
					"$(inherited)",
				);
				GCC_PREPROCESSOR_DEFINITIONS = (
					"DEBUG=1",
					"$(inherited)",
				);
				INFOPLIST_FILE = UIXKitTests/Info.plist;
				LD_RUNPATH_SEARCH_PATHS = "$(inherited) @executable_path/Frameworks @loader_path/Frameworks";
				PRODUCT_NAME = "$(TARGET_NAME)";
				TEST_HOST = "$(BUILT_PRODUCTS_DIR)/UIXKit.app/UIXKit";
			};
			name = Debug;
		};
		1EE8164C1A075A2600848F69 /* Release */ = {
			isa = XCBuildConfiguration;
			buildSettings = {
				BUNDLE_LOADER = "$(TEST_HOST)";
				FRAMEWORK_SEARCH_PATHS = (
					"$(SDKROOT)/Developer/Library/Frameworks",
					"$(inherited)",
				);
				INFOPLIST_FILE = UIXKitTests/Info.plist;
				LD_RUNPATH_SEARCH_PATHS = "$(inherited) @executable_path/Frameworks @loader_path/Frameworks";
				PRODUCT_NAME = "$(TARGET_NAME)";
				TEST_HOST = "$(BUILT_PRODUCTS_DIR)/UIXKit.app/UIXKit";
			};
			name = Release;
		};
/* End XCBuildConfiguration section */

/* Begin XCConfigurationList section */
		1EE8161F1A075A2600848F69 /* Build configuration list for PBXProject "UIXKit" */ = {
			isa = XCConfigurationList;
			buildConfigurations = (
				1EE816451A075A2600848F69 /* Debug */,
				1EE816461A075A2600848F69 /* Release */,
			);
			defaultConfigurationIsVisible = 0;
			defaultConfigurationName = Release;
		};
		1EE816471A075A2600848F69 /* Build configuration list for PBXNativeTarget "UIXKit" */ = {
			isa = XCConfigurationList;
			buildConfigurations = (
				1EE816481A075A2600848F69 /* Debug */,
				1EE816491A075A2600848F69 /* Release */,
			);
			defaultConfigurationIsVisible = 0;
			defaultConfigurationName = Release;
		};
		1EE8164A1A075A2600848F69 /* Build configuration list for PBXNativeTarget "UIXKitTests" */ = {
			isa = XCConfigurationList;
			buildConfigurations = (
				1EE8164B1A075A2600848F69 /* Debug */,
				1EE8164C1A075A2600848F69 /* Release */,
			);
			defaultConfigurationIsVisible = 0;
			defaultConfigurationName = Release;
		};
/* End XCConfigurationList section */
	};
	rootObject = 1EE8161C1A075A2600848F69 /* Project object */;
}
